
Microsoft Visual Studio Solution File, Format Version 12.00
# Visual Studio Version 18
VisualStudioVersion = 18.4.11626.88 stable
MinimumVisualStudioVersion = 10.0.40219.1
Project("{FAE04EC0-301F-11D3-BF4B-00C04F79EFBC}") = "MachineWorker", "MachineWorker.csproj", "{80C8E9EB-CABF-3621-7043-606A86B9326A}"
EndProject
Global
	GlobalSection(SolutionConfigurationPlatforms) = preSolution
		Debug|Any CPU = Debug|Any CPU
		Release|Any CPU = Release|Any CPU
	EndGlobalSection
	GlobalSection(ProjectConfigurationPlatforms) = postSolution
		{80C8E9EB-CABF-3621-7043-606A86B9326A}.Debug|Any CPU.ActiveCfg = Debug|Any CPU
		{80C8E9EB-CABF-3621-7043-606A86B9326A}.Debug|Any CPU.Build.0 = Debug|Any CPU
		{80C8E9EB-CABF-3621-7043-606A86B9326A}.Release|Any CPU.ActiveCfg = Release|Any CPU
		{80C8E9EB-CABF-3621-7043-606A86B9326A}.Release|Any CPU.Build.0 = Release|Any CPU
	EndGlobalSection
	GlobalSection(SolutionProperties) = preSolution
		HideSolutionNode = FALSE
	EndGlobalSection
	GlobalSection(ExtensibilityGlobals) = postSolution
		SolutionGuid = {39777354-07BD-47EE-A5A4-1D2C59679084}
	EndGlobalSection
EndGlobal
